// !$*UTF8*$!
{
	archiveVersion = 1;
	classes = {
	};
	objectVersion = 50;
	objects = {

/* Begin PBXBuildFile section */
		AF3CC11F213E65CA005DBA69 /* AppDelegate.m in Sources */ = {isa = PBXBuildFile; fileRef = AF3CC11E213E65CA005DBA69 /* AppDelegate.m */; };
		AF3CC122213E65CA005DBA69 /* ViewController.m in Sources */ = {isa = PBXBuildFile; fileRef = AF3CC121213E65CA005DBA69 /* ViewController.m */; };
		AF3CC125213E65CA005DBA69 /* Main.storyboard in Resources */ = {isa = PBXBuildFile; fileRef = AF3CC123213E65CA005DBA69 /* Main.storyboard */; };
		AF3CC127213E65CB005DBA69 /* Assets.xcassets in Resources */ = {isa = PBXBuildFile; fileRef = AF3CC126213E65CB005DBA69 /* Assets.xcassets */; };
		AF3CC12A213E65CB005DBA69 /* LaunchScreen.storyboard in Resources */ = {isa = PBXBuildFile; fileRef = AF3CC128213E65CB005DBA69 /* LaunchScreen.storyboard */; };
		AF3CC12D213E65CB005DBA69 /* main.m in Sources */ = {isa = PBXBuildFile; fileRef = AF3CC12C213E65CB005DBA69 /* main.m */; };
		AF3CC136213E6977005DBA69 /* TCycleView.m in Sources */ = {isa = PBXBuildFile; fileRef = AF3CC135213E6977005DBA69 /* TCycleView.m */; };
		AF3CC13C213EB409005DBA69 /* TCycleViewCell.m in Sources */ = {isa = PBXBuildFile; fileRef = AF3CC13B213EB409005DBA69 /* TCycleViewCell.m */; };
		AF3CC13F213EB81A005DBA69 /* TCycleIndicatorView.m in Sources */ = {isa = PBXBuildFile; fileRef = AF3CC13E213EB81A005DBA69 /* TCycleIndicatorView.m */; };
/* End PBXBuildFile section */

/* Begin PBXFileReference section */
		AF3CC11A213E65CA005DBA69 /* TCyclePlayingViewDemo.app */ = {isa = PBXFileReference; explicitFileType = wrapper.application; includeInIndex = 0; path = TCyclePlayingViewDemo.app; sourceTree = BUILT_PRODUCTS_DIR; };
		AF3CC11D213E65CA005DBA69 /* AppDelegate.h */ = {isa = PBXFileReference; lastKnownFileType = sourcecode.c.h; path = AppDelegate.h; sourceTree = "<group>"; };
		AF3CC11E213E65CA005DBA69 /* AppDelegate.m */ = {isa = PBXFileReference; lastKnownFileType = sourcecode.c.objc; path = AppDelegate.m; sourceTree = "<group>"; };
		AF3CC120213E65CA005DBA69 /* ViewController.h */ = {isa = PBXFileReference; lastKnownFileType = sourcecode.c.h; path = ViewController.h; sourceTree = "<group>"; };
		AF3CC121213E65CA005DBA69 /* ViewController.m */ = {isa = PBXFileReference; lastKnownFileType = sourcecode.c.objc; path = ViewController.m; sourceTree = "<group>"; };
		AF3CC124213E65CA005DBA69 /* Base */ = {isa = PBXFileReference; lastKnownFileType = file.storyboard; name = Base; path = Base.lproj/Main.storyboard; sourceTree = "<group>"; };
		AF3CC126213E65CB005DBA69 /* Assets.xcassets */ = {isa = PBXFileReference; lastKnownFileType = folder.assetcatalog; path = Assets.xcassets; sourceTree = "<group>"; };
		AF3CC129213E65CB005DBA69 /* Base */ = {isa = PBXFileReference; lastKnownFileType = file.storyboard; name = Base; path = Base.lproj/LaunchScreen.storyboard; sourceTree = "<group>"; };
		AF3CC12B213E65CB005DBA69 /* Info.plist */ = {isa = PBXFileReference; lastKnownFileType = text.plist.xml; path = Info.plist; sourceTree = "<group>"; };
		AF3CC12C213E65CB005DBA69 /* main.m */ = {isa = PBXFileReference; lastKnownFileType = sourcecode.c.objc; path = main.m; sourceTree = "<group>"; };
		AF3CC134213E6977005DBA69 /* TCycleView.h */ = {isa = PBXFileReference; lastKnownFileType = sourcecode.c.h; path = TCycleView.h; sourceTree = "<group>"; };
		AF3CC135213E6977005DBA69 /* TCycleView.m */ = {isa = PBXFileReference; lastKnownFileType = sourcecode.c.objc; path = TCycleView.m; sourceTree = "<group>"; };
		AF3CC13A213EB409005DBA69 /* TCycleViewCell.h */ = {isa = PBXFileReference; lastKnownFileType = sourcecode.c.h; path = TCycleViewCell.h; sourceTree = "<group>"; };
		AF3CC13B213EB409005DBA69 /* TCycleViewCell.m */ = {isa = PBXFileReference; lastKnownFileType = sourcecode.c.objc; path = TCycleViewCell.m; sourceTree = "<group>"; };
		AF3CC13D213EB81A005DBA69 /* TCycleIndicatorView.h */ = {isa = PBXFileReference; lastKnownFileType = sourcecode.c.h; path = TCycleIndicatorView.h; sourceTree = "<group>"; };
		AF3CC13E213EB81A005DBA69 /* TCycleIndicatorView.m */ = {isa = PBXFileReference; lastKnownFileType = sourcecode.c.objc; path = TCycleIndicatorView.m; sourceTree = "<group>"; };
/* End PBXFileReference section */

/* Begin PBXFrameworksBuildPhase section */
		AF3CC117213E65CA005DBA69 /* Frameworks */ = {
			isa = PBXFrameworksBuildPhase;
			buildActionMask = 2147483647;
			files = (
			);
			runOnlyForDeploymentPostprocessing = 0;
		};
/* End PBXFrameworksBuildPhase section */

/* Begin PBXGroup section */
		AF3CC111213E65CA005DBA69 = {
			isa = PBXGroup;
			children = (
				AF3CC133213E65DE005DBA69 /* TCyclePlayingView */,
				AF3CC11C213E65CA005DBA69 /* TCyclePlayingViewDemo */,
				AF3CC11B213E65CA005DBA69 /* Products */,
			);
			sourceTree = "<group>";
		};
		AF3CC11B213E65CA005DBA69 /* Products */ = {
			isa = PBXGroup;
			children = (
				AF3CC11A213E65CA005DBA69 /* TCyclePlayingViewDemo.app */,
			);
			name = Products;
			sourceTree = "<group>";
		};
		AF3CC11C213E65CA005DBA69 /* TCyclePlayingViewDemo */ = {
			isa = PBXGroup;
			children = (
				AF3CC11D213E65CA005DBA69 /* AppDelegate.h */,
				AF3CC11E213E65CA005DBA69 /* AppDelegate.m */,
				AF3CC120213E65CA005DBA69 /* ViewController.h */,
				AF3CC121213E65CA005DBA69 /* ViewController.m */,
				AF3CC123213E65CA005DBA69 /* Main.storyboard */,
				AF3CC126213E65CB005DBA69 /* Assets.xcassets */,
				AF3CC128213E65CB005DBA69 /* LaunchScreen.storyboard */,
				AF3CC12B213E65CB005DBA69 /* Info.plist */,
				AF3CC12C213E65CB005DBA69 /* main.m */,
			);
			path = TCyclePlayingViewDemo;
			sourceTree = "<group>";
		};
		AF3CC133213E65DE005DBA69 /* TCyclePlayingView */ = {
			isa = PBXGroup;
			children = (
				AF3CC134213E6977005DBA69 /* TCycleView.h */,
				AF3CC135213E6977005DBA69 /* TCycleView.m */,
				AF3CC13A213EB409005DBA69 /* TCycleViewCell.h */,
				AF3CC13B213EB409005DBA69 /* TCycleViewCell.m */,
				AF3CC13D213EB81A005DBA69 /* TCycleIndicatorView.h */,
				AF3CC13E213EB81A005DBA69 /* TCycleIndicatorView.m */,
			);
			path = TCyclePlayingView;
			sourceTree = "<group>";
		};
/* End PBXGroup section */

/* Begin PBXNativeTarget section */
		AF3CC119213E65CA005DBA69 /* TCyclePlayingViewDemo */ = {
			isa = PBXNativeTarget;
			buildConfigurationList = AF3CC130213E65CB005DBA69 /* Build configuration list for PBXNativeTarget "TCyclePlayingViewDemo" */;
			buildPhases = (
				AF3CC116213E65CA005DBA69 /* Sources */,
				AF3CC117213E65CA005DBA69 /* Frameworks */,
				AF3CC118213E65CA005DBA69 /* Resources */,
			);
			buildRules = (
			);
			dependencies = (
			);
			name = TCyclePlayingViewDemo;
			productName = TCyclePlayingViewDemo;
			productReference = AF3CC11A213E65CA005DBA69 /* TCyclePlayingViewDemo.app */;
			productType = "com.apple.product-type.application";
		};
/* End PBXNativeTarget section */

/* Begin PBXProject section */
		AF3CC112213E65CA005DBA69 /* Project object */ = {
			isa = PBXProject;
			attributes = {
				LastUpgradeCheck = 0940;
				ORGANIZATIONNAME = "唐鹏";
				TargetAttributes = {
					AF3CC119213E65CA005DBA69 = {
						CreatedOnToolsVersion = 9.4.1;
					};
				};
			};
			buildConfigurationList = AF3CC115213E65CA005DBA69 /* Build configuration list for PBXProject "TCyclePlayingViewDemo" */;
			compatibilityVersion = "Xcode 9.3";
			developmentRegion = en;
			hasScannedForEncodings = 0;
			knownRegions = (
				en,
				Base,
			);
			mainGroup = AF3CC111213E65CA005DBA69;
			productRefGroup = AF3CC11B213E65CA005DBA69 /* Products */;
			projectDirPath = "";
			projectRoot = "";
			targets = (
				AF3CC119213E65CA005DBA69 /* TCyclePlayingViewDemo */,
			);
		};
/* End PBXProject section */

/* Begin PBXResourcesBuildPhase section */
		AF3CC118213E65CA005DBA69 /* Resources */ = {
			isa = PBXResourcesBuildPhase;
			buildActionMask = 2147483647;
			files = (
				AF3CC12A213E65CB005DBA69 /* LaunchScreen.storyboard in Resources */,
				AF3CC127213E65CB005DBA69 /* Assets.xcassets in Resources */,
				AF3CC125213E65CA005DBA69 /* Main.storyboard in Resources */,
			);
			runOnlyForDeploymentPostprocessing = 0;
		};
/* End PBXResourcesBuildPhase section */

/* Begin PBXSourcesBuildPhase section */
		AF3CC116213E65CA005DBA69 /* Sources */ = {
			isa = PBXSourcesBuildPhase;
			buildActionMask = 2147483647;
			files = (
				AF3CC122213E65CA005DBA69 /* ViewController.m in Sources */,
				AF3CC12D213E65CB005DBA69 /* main.m in Sources */,
				AF3CC136213E6977005DBA69 /* TCycleView.m in Sources */,
				AF3CC13C213EB409005DBA69 /* TCycleViewCell.m in Sources */,
				AF3CC11F213E65CA005DBA69 /* AppDelegate.m in Sources */,
				AF3CC13F213EB81A005DBA69 /* TCycleIndicatorView.m in Sources */,
			);
			runOnlyForDeploymentPostprocessing = 0;
		};
/* End PBXSourcesBuildPhase section */

/* Begin PBXVariantGroup section */
		AF3CC123213E65CA005DBA69 /* Main.storyboard */ = {
			isa = PBXVariantGroup;
			children = (
				AF3CC124213E65CA005DBA69 /* Base */,
			);
			name = Main.storyboard;
			sourceTree = "<group>";
		};
		AF3CC128213E65CB005DBA69 /* LaunchScreen.storyboard */ = {
			isa = PBXVariantGroup;
			children = (
				AF3CC129213E65CB005DBA69 /* Base */,
			);
			name = LaunchScreen.storyboard;
			sourceTree = "<group>";
		};
/* End PBXVariantGroup section */

/* Begin XCBuildConfiguration section */
		AF3CC12E213E65CB005DBA69 /* Debug */ = {
			isa = XCBuildConfiguration;
			buildSettings = {
				ALWAYS_SEARCH_USER_PATHS = NO;
				CLANG_ANALYZER_NONNULL = YES;
				CLANG_ANALYZER_NUMBER_OBJECT_CONVERSION = YES_AGGRESSIVE;
				CLANG_CXX_LANGUAGE_STANDARD = "gnu++14";
				CLANG_CXX_LIBRARY = "libc++";
				CLANG_ENABLE_MODULES = YES;
				CLANG_ENABLE_OBJC_ARC = YES;
				CLANG_ENABLE_OBJC_WEAK = YES;
				CLANG_WARN_BLOCK_CAPTURE_AUTORELEASING = YES;
				CLANG_WARN_BOOL_CONVERSION = YES;
				CLANG_WARN_COMMA = YES;
				CLANG_WARN_CONSTANT_CONVERSION = YES;
				CLANG_WARN_DEPRECATED_OBJC_IMPLEMENTATIONS = YES;
				CLANG_WARN_DIRECT_OBJC_ISA_USAGE = YES_ERROR;
				CLANG_WARN_DOCUMENTATION_COMMENTS = YES;
				CLANG_WARN_EMPTY_BODY = YES;
				CLANG_WARN_ENUM_CONVERSION = YES;
				CLANG_WARN_INFINITE_RECURSION = YES;
				CLANG_WARN_INT_CONVERSION = YES;
				CLANG_WARN_NON_LITERAL_NULL_CONVERSION = YES;
				CLANG_WARN_OBJC_IMPLICIT_RETAIN_SELF = YES;
				CLANG_WARN_OBJC_LITERAL_CONVERSION = YES;
				CLANG_WARN_OBJC_ROOT_CLASS = YES_ERROR;
				CLANG_WARN_RANGE_LOOP_ANALYSIS = YES;
				CLANG_WARN_STRICT_PROTOTYPES = YES;
				CLANG_WARN_SUSPICIOUS_MOVE = YES;
				CLANG_WARN_UNGUARDED_AVAILABILITY = YES_AGGRESSIVE;
				CLANG_WARN_UNREACHABLE_CODE = YES;
				CLANG_WARN__DUPLICATE_METHOD_MATCH = YES;
				CODE_SIGN_IDENTITY = "iPhone Developer";
				COPY_PHASE_STRIP = NO;
				DEBUG_INFORMATION_FORMAT = dwarf;
				ENABLE_STRICT_OBJC_MSGSEND = YES;
				ENABLE_TESTABILITY = YES;
				GCC_C_LANGUAGE_STANDARD = gnu11;
				GCC_DYNAMIC_NO_PIC = NO;
				GCC_NO_COMMON_BLOCKS = YES;
				GCC_OPTIMIZATION_LEVEL = 0;
				GCC_PREPROCESSOR_DEFINITIONS = (
					"DEBUG=1",
					"$(inherited)",
				);
				GCC_WARN_64_TO_32_BIT_CONVERSION = YES;
				GCC_WARN_ABOUT_RETURN_TYPE = YES_ERROR;
				GCC_WARN_UNDECLARED_SELECTOR = YES;
				GCC_WARN_UNINITIALIZED_AUTOS = YES_AGGRESSIVE;
				GCC_WARN_UNUSED_FUNCTION = YES;
				GCC_WARN_UNUSED_VARIABLE = YES;
				IPHONEOS_DEPLOYMENT_TARGET = 11.4;
				MTL_ENABLE_DEBUG_INFO = YES;
				ONLY_ACTIVE_ARCH = YES;
				SDKROOT = iphoneos;
			};
			name = Debug;
		};
		AF3CC12F213E65CB005DBA69 /* Release */ = {
			isa = XCBuildConfiguration;
			buildSettings = {
				ALWAYS_SEARCH_USER_PATHS = NO;
				CLANG_ANALYZER_NONNULL = YES;
				CLANG_ANALYZER_NUMBER_OBJECT_CONVERSION = YES_AGGRESSIVE;
				CLANG_CXX_LANGUAGE_STANDARD = "gnu++14";
				CLANG_CXX_LIBRARY = "libc++";
				CLANG_ENABLE_MODULES = YES;
				CLANG_ENABLE_OBJC_ARC = YES;
				CLANG_ENABLE_OBJC_WEAK = YES;
				CLANG_WARN_BLOCK_CAPTURE_AUTORELEASING = YES;
				CLANG_WARN_BOOL_CONVERSION = YES;
				CLANG_WARN_COMMA = YES;
				CLANG_WARN_CONSTANT_CONVERSION = YES;
				CLANG_WARN_DEPRECATED_OBJC_IMPLEMENTATIONS = YES;
				CLANG_WARN_DIRECT_OBJC_ISA_USAGE = YES_ERROR;
				CLANG_WARN_DOCUMENTATION_COMMENTS = YES;
				CLANG_WARN_EMPTY_BODY = YES;
				CLANG_WARN_ENUM_CONVERSION = YES;
				CLANG_WARN_INFINITE_RECURSION = YES;
				CLANG_WARN_INT_CONVERSION = YES;
				CLANG_WARN_NON_LITERAL_NULL_CONVERSION = YES;
				CLANG_WARN_OBJC_IMPLICIT_RETAIN_SELF = YES;
				CLANG_WARN_OBJC_LITERAL_CONVERSION = YES;
				CLANG_WARN_OBJC_ROOT_CLASS = YES_ERROR;
				CLANG_WARN_RANGE_LOOP_ANALYSIS = YES;
				CLANG_WARN_STRICT_PROTOTYPES = YES;
				CLANG_WARN_SUSPICIOUS_MOVE = YES;
				CLANG_WARN_UNGUARDED_AVAILABILITY = YES_AGGRESSIVE;
				CLANG_WARN_UNREACHABLE_CODE = YES;
				CLANG_WARN__DUPLICATE_METHOD_MATCH = YES;
				CODE_SIGN_IDENTITY = "iPhone Developer";
				COPY_PHASE_STRIP = NO;
				DEBUG_INFORMATION_FORMAT = "dwarf-with-dsym";
				ENABLE_NS_ASSERTIONS = NO;
				ENABLE_STRICT_OBJC_MSGSEND = YES;
				GCC_C_LANGUAGE_STANDARD = gnu11;
				GCC_NO_COMMON_BLOCKS = YES;
				GCC_WARN_64_TO_32_BIT_CONVERSION = YES;
				GCC_WARN_ABOUT_RETURN_TYPE = YES_ERROR;
				GCC_WARN_UNDECLARED_SELECTOR = YES;
				GCC_WARN_UNINITIALIZED_AUTOS = YES_AGGRESSIVE;
				GCC_WARN_UNUSED_FUNCTION = YES;
				GCC_WARN_UNUSED_VARIABLE = YES;
				IPHONEOS_DEPLOYMENT_TARGET = 11.4;
				MTL_ENABLE_DEBUG_INFO = NO;
				SDKROOT = iphoneos;
				VALIDATE_PRODUCT = YES;
			};
			name = Release;
		};
		AF3CC131213E65CB005DBA69 /* Debug */ = {
			isa = XCBuildConfiguration;
			buildSettings = {
				ASSETCATALOG_COMPILER_APPICON_NAME = AppIcon;
				CODE_SIGN_STYLE = Automatic;
				DEVELOPMENT_TEAM = 3P2FWDPYWL;
				INFOPLIST_FILE = TCyclePlayingViewDemo/Info.plist;
				IPHONEOS_DEPLOYMENT_TARGET = 9.0;
				LD_RUNPATH_SEARCH_PATHS = (
					"$(inherited)",
					"@executable_path/Frameworks",
				);
				PRODUCT_BUNDLE_IDENTIFIER = com.allen.TCyclePlayingViewDemo;
				PRODUCT_NAME = "$(TARGET_NAME)";
				TARGETED_DEVICE_FAMILY = "1,2";
			};
			name = Debug;
		};
		AF3CC132213E65CB005DBA69 /* Release */ = {
			isa = XCBuildConfiguration;
			buildSettings = {
				ASSETCATALOG_COMPILER_APPICON_NAME = AppIcon;
				CODE_SIGN_STYLE = Automatic;
				DEVELOPMENT_TEAM = 3P2FWDPYWL;
				INFOPLIST_FILE = TCyclePlayingViewDemo/Info.plist;
				IPHONEOS_DEPLOYMENT_TARGET = 9.0;
				LD_RUNPATH_SEARCH_PATHS = (
					"$(inherited)",
					"@executable_path/Frameworks",
				);
				PRODUCT_BUNDLE_IDENTIFIER = com.allen.TCyclePlayingViewDemo;
				PRODUCT_NAME = "$(TARGET_NAME)";
				TARGETED_DEVICE_FAMILY = "1,2";
			};
			name = Release;
		};
/* End XCBuildConfiguration section */

/* Begin XCConfigurationList section */
		AF3CC115213E65CA005DBA69 /* Build configuration list for PBXProject "TCyclePlayingViewDemo" */ = {
			isa = XCConfigurationList;
			buildConfigurations = (
				AF3CC12E213E65CB005DBA69 /* Debug */,
				AF3CC12F213E65CB005DBA69 /* Release */,
			);
			defaultConfigurationIsVisible = 0;
			defaultConfigurationName = Release;
		};
		AF3CC130213E65CB005DBA69 /* Build configuration list for PBXNativeTarget "TCyclePlayingViewDemo" */ = {
			isa = XCConfigurationList;
			buildConfigurations = (
				AF3CC131213E65CB005DBA69 /* Debug */,
				AF3CC132213E65CB005DBA69 /* Release */,
			);
			defaultConfigurationIsVisible = 0;
			defaultConfigurationName = Release;
		};
/* End XCConfigurationList section */
	};
	rootObject = AF3CC112213E65CA005DBA69 /* Project object */;
}
